
Microsoft Visual Studio Solution File, Format Version 12.00
# Visual Studio Version 16
VisualStudioVersion = 16.0.32901.82
MinimumVisualStudioVersion = 10.0.40219.1
Project("{FAE04EC0-301F-11D3-BF4B-00C04F79EFBC}") = "tehtävä 3.3", "tehtävä 3.3\tehtävä 3.3.csproj", "{4CBFE623-C467-4213-BF22-92F80CDB320C}"
EndProject
Global
	GlobalSection(SolutionConfigurationPlatforms) = preSolution
		Debug|Any CPU = Debug|Any CPU
		Release|Any CPU = Release|Any CPU
	EndGlobalSection
	GlobalSection(ProjectConfigurationPlatforms) = postSolution
		{4CBFE623-C467-4213-BF22-92F80CDB320C}.Debug|Any CPU.ActiveCfg = Debug|Any CPU
		{4CBFE623-C467-4213-BF22-92F80CDB320C}.Debug|Any CPU.Build.0 = Debug|Any CPU
		{4CBFE623-C467-4213-BF22-92F80CDB320C}.Release|Any CPU.ActiveCfg = Release|Any CPU
		{4CBFE623-C467-4213-BF22-92F80CDB320C}.Release|Any CPU.Build.0 = Release|Any CPU
	EndGlobalSection
	GlobalSection(SolutionProperties) = preSolution
		HideSolutionNode = FALSE
	EndGlobalSection
	GlobalSection(ExtensibilityGlobals) = postSolution
		SolutionGuid = {A82B58BA-D68D-4A08-8BBD-5DE702B880A7}
	EndGlobalSection
EndGlobal
