
Microsoft Visual Studio Solution File, Format Version 12.00
# Visual Studio Version 16
VisualStudioVersion = 16.0.32901.82
MinimumVisualStudioVersion = 10.0.40219.1
Project("{FAE04EC0-301F-11D3-BF4B-00C04F79EFBC}") = "Tehtävä 3 - Nuolia kaupan", "Tehtävä 3 - Nuolia kaupan\Tehtävä 3 - Nuolia kaupan.csproj", "{9F81FAB0-CE28-46C8-97C8-F75BFFF3B387}"
EndProject
Global
	GlobalSection(SolutionConfigurationPlatforms) = preSolution
		Debug|Any CPU = Debug|Any CPU
		Release|Any CPU = Release|Any CPU
	EndGlobalSection
	GlobalSection(ProjectConfigurationPlatforms) = postSolution
		{9F81FAB0-CE28-46C8-97C8-F75BFFF3B387}.Debug|Any CPU.ActiveCfg = Debug|Any CPU
		{9F81FAB0-CE28-46C8-97C8-F75BFFF3B387}.Debug|Any CPU.Build.0 = Debug|Any CPU
		{9F81FAB0-CE28-46C8-97C8-F75BFFF3B387}.Release|Any CPU.ActiveCfg = Release|Any CPU
		{9F81FAB0-CE28-46C8-97C8-F75BFFF3B387}.Release|Any CPU.Build.0 = Release|Any CPU
	EndGlobalSection
	GlobalSection(SolutionProperties) = preSolution
		HideSolutionNode = FALSE
	EndGlobalSection
	GlobalSection(ExtensibilityGlobals) = postSolution
		SolutionGuid = {1DB42380-84EE-4D9E-91F4-EBFEF8679720}
	EndGlobalSection
EndGlobal
