
Microsoft Visual Studio Solution File, Format Version 12.00
# Visual Studio Version 16
VisualStudioVersion = 16.0.32901.82
MinimumVisualStudioVersion = 10.0.40219.1
Project("{FAE04EC0-301F-11D3-BF4B-00C04F79EFBC}") = "tehtävä 3.4", "tehtävä 3.4\tehtävä 3.4.csproj", "{679E38DD-E26A-46BE-B091-F4936C984FBF}"
EndProject
Global
	GlobalSection(SolutionConfigurationPlatforms) = preSolution
		Debug|Any CPU = Debug|Any CPU
		Release|Any CPU = Release|Any CPU
	EndGlobalSection
	GlobalSection(ProjectConfigurationPlatforms) = postSolution
		{679E38DD-E26A-46BE-B091-F4936C984FBF}.Debug|Any CPU.ActiveCfg = Debug|Any CPU
		{679E38DD-E26A-46BE-B091-F4936C984FBF}.Debug|Any CPU.Build.0 = Debug|Any CPU
		{679E38DD-E26A-46BE-B091-F4936C984FBF}.Release|Any CPU.ActiveCfg = Release|Any CPU
		{679E38DD-E26A-46BE-B091-F4936C984FBF}.Release|Any CPU.Build.0 = Release|Any CPU
	EndGlobalSection
	GlobalSection(SolutionProperties) = preSolution
		HideSolutionNode = FALSE
	EndGlobalSection
	GlobalSection(ExtensibilityGlobals) = postSolution
		SolutionGuid = {6F503294-C077-49FC-AF10-04AA3A40C6A0}
	EndGlobalSection
EndGlobal
